
Microsoft Visual Studio Solution File, Format Version 12.00
# Visual Studio Version 17
VisualStudioVersion = 17.0.32014.148
MinimumVisualStudioVersion = 10.0.40219.1
Project("{8BC9CEB8-8B4A-11D0-8D11-00A0C91BC942}") = "GameEngineBase", "GameEngineBase\GameEngineBase.vcxproj", "{94DA822E-5B79-48BB-AFD1-AB69FB70E56D}"
EndProject
Project("{8BC9CEB8-8B4A-11D0-8D11-00A0C91BC942}") = "GameEngine", "GameEngine\GameEngine.vcxproj", "{03650A63-225A-4F49-A046-778D7D77D6F2}"
EndProject
Project("{8BC9CEB8-8B4A-11D0-8D11-00A0C91BC942}") = "GameContents", "GameContents\GameContents.vcxproj", "{32FDD51F-0D87-460A-B2A5-F1382FA4ECE3}"
EndProject
Project("{8BC9CEB8-8B4A-11D0-8D11-00A0C91BC942}") = "GameApp", "GameApp\GameApp.vcxproj", "{234DA06B-F6FE-429C-B9E0-9A45397E3497}"
EndProject
Project("{2150E333-8FDC-42A3-9474-1A3956D46DE8}") = "Level0", "Level0", "{332E76F3-D11B-4807-92CB-82CFC75BB2C0}"
EndProject
Project("{2150E333-8FDC-42A3-9474-1A3956D46DE8}") = "Level1", "Level1", "{8005A2AB-DDDF-450F-B311-7C645672F0A2}"
EndProject
Project("{2150E333-8FDC-42A3-9474-1A3956D46DE8}") = "Level2", "Level2", "{CFD0E646-4403-4CA7-8933-A8C502CEF2F0}"
EndProject
Project("{2150E333-8FDC-42A3-9474-1A3956D46DE8}") = "Level3", "Level3", "{7ADF479B-79D5-4AF0-9E9A-01E5EA49644A}"
EndProject
Project("{8BC9CEB8-8B4A-11D0-8D11-00A0C91BC942}") = "Test", "Test\Test.vcxproj", "{A2F6B8DF-42FE-422A-ACD7-03993F72F5E6}"
EndProject
Project("{8BC9CEB8-8B4A-11D0-8D11-00A0C91BC942}") = "WindowsProject1", "WindowsProject1\WindowsProject1.vcxproj", "{A44CEA72-20E0-48C1-B950-8D879BC3DA75}"
EndProject
Global
	GlobalSection(SolutionConfigurationPlatforms) = preSolution
		Debug|x64 = Debug|x64
		Debug|x86 = Debug|x86
		Release|x64 = Release|x64
		Release|x86 = Release|x86
	EndGlobalSection
	GlobalSection(ProjectConfigurationPlatforms) = postSolution
		{94DA822E-5B79-48BB-AFD1-AB69FB70E56D}.Debug|x64.ActiveCfg = Debug|x64
		{94DA822E-5B79-48BB-AFD1-AB69FB70E56D}.Debug|x64.Build.0 = Debug|x64
		{94DA822E-5B79-48BB-AFD1-AB69FB70E56D}.Debug|x86.ActiveCfg = Debug|Win32
		{94DA822E-5B79-48BB-AFD1-AB69FB70E56D}.Debug|x86.Build.0 = Debug|Win32
		{94DA822E-5B79-48BB-AFD1-AB69FB70E56D}.Release|x64.ActiveCfg = Release|x64
		{94DA822E-5B79-48BB-AFD1-AB69FB70E56D}.Release|x64.Build.0 = Release|x64
		{94DA822E-5B79-48BB-AFD1-AB69FB70E56D}.Release|x86.ActiveCfg = Release|Win32
		{94DA822E-5B79-48BB-AFD1-AB69FB70E56D}.Release|x86.Build.0 = Release|Win32
		{03650A63-225A-4F49-A046-778D7D77D6F2}.Debug|x64.ActiveCfg = Debug|x64
		{03650A63-225A-4F49-A046-778D7D77D6F2}.Debug|x64.Build.0 = Debug|x64
		{03650A63-225A-4F49-A046-778D7D77D6F2}.Debug|x86.ActiveCfg = Debug|Win32
		{03650A63-225A-4F49-A046-778D7D77D6F2}.Debug|x86.Build.0 = Debug|Win32
		{03650A63-225A-4F49-A046-778D7D77D6F2}.Release|x64.ActiveCfg = Release|x64
		{03650A63-225A-4F49-A046-778D7D77D6F2}.Release|x64.Build.0 = Release|x64
		{03650A63-225A-4F49-A046-778D7D77D6F2}.Release|x86.ActiveCfg = Release|Win32
		{03650A63-225A-4F49-A046-778D7D77D6F2}.Release|x86.Build.0 = Release|Win32
		{32FDD51F-0D87-460A-B2A5-F1382FA4ECE3}.Debug|x64.ActiveCfg = Debug|x64
		{32FDD51F-0D87-460A-B2A5-F1382FA4ECE3}.Debug|x64.Build.0 = Debug|x64
		{32FDD51F-0D87-460A-B2A5-F1382FA4ECE3}.Debug|x86.ActiveCfg = Debug|Win32
		{32FDD51F-0D87-460A-B2A5-F1382FA4ECE3}.Debug|x86.Build.0 = Debug|Win32
		{32FDD51F-0D87-460A-B2A5-F1382FA4ECE3}.Release|x64.ActiveCfg = Release|x64
		{32FDD51F-0D87-460A-B2A5-F1382FA4ECE3}.Release|x64.Build.0 = Release|x64
		{32FDD51F-0D87-460A-B2A5-F1382FA4ECE3}.Release|x86.ActiveCfg = Release|Win32
		{32FDD51F-0D87-460A-B2A5-F1382FA4ECE3}.Release|x86.Build.0 = Release|Win32
		{234DA06B-F6FE-429C-B9E0-9A45397E3497}.Debug|x64.ActiveCfg = Debug|x64
		{234DA06B-F6FE-429C-B9E0-9A45397E3497}.Debug|x64.Build.0 = Debug|x64
		{234DA06B-F6FE-429C-B9E0-9A45397E3497}.Debug|x86.ActiveCfg = Debug|Win32
		{234DA06B-F6FE-429C-B9E0-9A45397E3497}.Debug|x86.Build.0 = Debug|Win32
		{234DA06B-F6FE-429C-B9E0-9A45397E3497}.Release|x64.ActiveCfg = Release|x64
		{234DA06B-F6FE-429C-B9E0-9A45397E3497}.Release|x64.Build.0 = Release|x64
		{234DA06B-F6FE-429C-B9E0-9A45397E3497}.Release|x86.ActiveCfg = Release|Win32
		{234DA06B-F6FE-429C-B9E0-9A45397E3497}.Release|x86.Build.0 = Release|Win32
		{A2F6B8DF-42FE-422A-ACD7-03993F72F5E6}.Debug|x64.ActiveCfg = Debug|x64
		{A2F6B8DF-42FE-422A-ACD7-03993F72F5E6}.Debug|x64.Build.0 = Debug|x64
		{A2F6B8DF-42FE-422A-ACD7-03993F72F5E6}.Debug|x86.ActiveCfg = Debug|Win32
		{A2F6B8DF-42FE-422A-ACD7-03993F72F5E6}.Debug|x86.Build.0 = Debug|Win32
		{A2F6B8DF-42FE-422A-ACD7-03993F72F5E6}.Release|x64.ActiveCfg = Release|x64
		{A2F6B8DF-42FE-422A-ACD7-03993F72F5E6}.Release|x64.Build.0 = Release|x64
		{A2F6B8DF-42FE-422A-ACD7-03993F72F5E6}.Release|x86.ActiveCfg = Release|Win32
		{A2F6B8DF-42FE-422A-ACD7-03993F72F5E6}.Release|x86.Build.0 = Release|Win32
		{A44CEA72-20E0-48C1-B950-8D879BC3DA75}.Debug|x64.ActiveCfg = Debug|x64
		{A44CEA72-20E0-48C1-B950-8D879BC3DA75}.Debug|x64.Build.0 = Debug|x64
		{A44CEA72-20E0-48C1-B950-8D879BC3DA75}.Debug|x86.ActiveCfg = Debug|Win32
		{A44CEA72-20E0-48C1-B950-8D879BC3DA75}.Debug|x86.Build.0 = Debug|Win32
		{A44CEA72-20E0-48C1-B950-8D879BC3DA75}.Release|x64.ActiveCfg = Release|x64
		{A44CEA72-20E0-48C1-B950-8D879BC3DA75}.Release|x64.Build.0 = Release|x64
		{A44CEA72-20E0-48C1-B950-8D879BC3DA75}.Release|x86.ActiveCfg = Release|Win32
		{A44CEA72-20E0-48C1-B950-8D879BC3DA75}.Release|x86.Build.0 = Release|Win32
	EndGlobalSection
	GlobalSection(SolutionProperties) = preSolution
		HideSolutionNode = FALSE
	EndGlobalSection
	GlobalSection(NestedProjects) = preSolution
		{94DA822E-5B79-48BB-AFD1-AB69FB70E56D} = {332E76F3-D11B-4807-92CB-82CFC75BB2C0}
		{03650A63-225A-4F49-A046-778D7D77D6F2} = {8005A2AB-DDDF-450F-B311-7C645672F0A2}
		{32FDD51F-0D87-460A-B2A5-F1382FA4ECE3} = {CFD0E646-4403-4CA7-8933-A8C502CEF2F0}
		{234DA06B-F6FE-429C-B9E0-9A45397E3497} = {7ADF479B-79D5-4AF0-9E9A-01E5EA49644A}
	EndGlobalSection
	GlobalSection(ExtensibilityGlobals) = postSolution
		SolutionGuid = {34AB0A23-7D2B-4B91-9D75-5C765D636F21}
	EndGlobalSection
EndGlobal
