<?xml version="1.0" encoding="utf-8"?>
<Project ToolsVersion="4.0" xmlns="http://schemas.microsoft.com/developer/msbuild/2003">
  <ItemGroup>
    <Filter Include="Platform">
      <UniqueIdentifier>{c9079c36-5340-4fc8-97d2-756978ca1c01}</UniqueIdentifier>
    </Filter>
    <Filter Include="Debug">
      <UniqueIdentifier>{d3ef4588-c981-4ae3-b3b8-4764f6b4f2cf}</UniqueIdentifier>
    </Filter>
    <Filter Include="Object">
      <UniqueIdentifier>{e6242e81-ebef-49e3-91ad-107d1873321d}</UniqueIdentifier>
    </Filter>
    <Filter Include="Math">
      <UniqueIdentifier>{fe3963d0-90c0-42e5-9cc7-d3e208cd7f3a}</UniqueIdentifier>
    </Filter>
    <Filter Include="String">
      <UniqueIdentifier>{bb316720-ee75-498f-9238-d640a772c56c}</UniqueIdentifier>
    </Filter>
    <Filter Include="IO">
      <UniqueIdentifier>{cedb48f2-774a-43b7-bfe5-b5e5de836010}</UniqueIdentifier>
    </Filter>
  </ItemGroup>
  <ItemGroup>
    <ClInclude Include="GameEngineWindow.h">
      <Filter>Platform</Filter>
    </ClInclude>
    <ClInclude Include="GameEngineDebug.h">
      <Filter>Debug</Filter>
    </ClInclude>
    <ClInclude Include="GameEngineNameObject.h">
      <Filter>Object</Filter>
    </ClInclude>
    <ClInclude Include="GameEngineMath.h">
      <Filter>Math</Filter>
    </ClInclude>
    <ClInclude Include="GameEngineString.h">
      <Filter>String</Filter>
    </ClInclude>
    <ClInclude Include="GameEngineDirectory.h">
      <Filter>IO</Filter>
    </ClInclude>
    <ClInclude Include="GameEnginePath.h">
      <Filter>IO</Filter>
    </ClInclude>
    <ClInclude Include="GameEngineFile.h">
      <Filter>IO</Filter>
    </ClInclude>
    <ClInclude Include="GameEngineInput.h">
      <Filter>Platform</Filter>
    </ClInclude>
    <ClInclude Include="GameEngineUpdateObject.h">
      <Filter>Object</Filter>
    </ClInclude>
    <ClInclude Include="GameEngineTime.h">
      <Filter>Platform</Filter>
    </ClInclude>
    <ClInclude Include="GameEngineRandom.h">
      <Filter>Math</Filter>
    </ClInclude>
  </ItemGroup>
  <ItemGroup>
    <ClCompile Include="GameEngineWindow.cpp">
      <Filter>Platform</Filter>
    </ClCompile>
    <ClCompile Include="GameEngineDebug.cpp">
      <Filter>Debug</Filter>
    </ClCompile>
    <ClCompile Include="GameEngineNameObject.cpp">
      <Filter>Object</Filter>
    </ClCompile>
    <ClCompile Include="GameEngineMath.cpp">
      <Filter>Math</Filter>
    </ClCompile>
    <ClCompile Include="GameEngineString.cpp">
      <Filter>String</Filter>
    </ClCompile>
    <ClCompile Include="GameEngineDirectory.cpp">
      <Filter>IO</Filter>
    </ClCompile>
    <ClCompile Include="GameEnginePath.cpp">
      <Filter>IO</Filter>
    </ClCompile>
    <ClCompile Include="GameEngineFile.cpp">
      <Filter>IO</Filter>
    </ClCompile>
    <ClCompile Include="GameEngineInput.cpp">
      <Filter>Platform</Filter>
    </ClCompile>
    <ClCompile Include="GameEngineUpdateObject.cpp">
      <Filter>Object</Filter>
    </ClCompile>
    <ClCompile Include="GameEngineTime.cpp">
      <Filter>Platform</Filter>
    </ClCompile>
    <ClCompile Include="GameEngineRandom.cpp">
      <Filter>Math</Filter>
    </ClCompile>
  </ItemGroup>
</Project>