<?xml version="1.0" encoding="utf-8"?>
<Project ToolsVersion="4.0" xmlns="http://schemas.microsoft.com/developer/msbuild/2003">
  <ItemGroup>
    <ClInclude Include="RockMan.h" />
    <ClInclude Include="TitleLevel.h">
      <Filter>Level</Filter>
    </ClInclude>
    <ClInclude Include="TitleLogo.h">
      <Filter>Actor</Filter>
    </ClInclude>
    <ClInclude Include="TitleBackGround.h">
      <Filter>Actor</Filter>
    </ClInclude>
    <ClInclude Include="Stage1.h">
      <Filter>Level</Filter>
    </ClInclude>
    <ClInclude Include="BackGround.h">
      <Filter>Actor</Filter>
    </ClInclude>
    <ClInclude Include="GameManager.h">
      <Filter>Global\Manager</Filter>
    </ClInclude>
    <ClInclude Include="RockManEnum.h">
      <Filter>Global</Filter>
    </ClInclude>
    <ClInclude Include="Player.h">
      <Filter>Actor\Player</Filter>
    </ClInclude>
  </ItemGroup>
  <ItemGroup>
    <ClCompile Include="RockMan.cpp" />
    <ClCompile Include="TitleLevel.cpp">
      <Filter>Level</Filter>
    </ClCompile>
    <ClCompile Include="TitleLogo.cpp">
      <Filter>Actor</Filter>
    </ClCompile>
    <ClCompile Include="TitleBackGround.cpp">
      <Filter>Actor</Filter>
    </ClCompile>
    <ClCompile Include="Stage1.cpp">
      <Filter>Level</Filter>
    </ClCompile>
    <ClCompile Include="BackGround.cpp">
      <Filter>Actor</Filter>
    </ClCompile>
    <ClCompile Include="GameManager.cpp">
      <Filter>Global\Manager</Filter>
    </ClCompile>
    <ClCompile Include="Player.cpp">
      <Filter>Actor\Player</Filter>
    </ClCompile>
    <ClCompile Include="PlayerAnimation.cpp">
      <Filter>Actor\Player</Filter>
    </ClCompile>
    <ClCompile Include="PlayerState.cpp">
      <Filter>Actor\Player</Filter>
    </ClCompile>
  </ItemGroup>
  <ItemGroup>
    <Filter Include="Level">
      <UniqueIdentifier>{593e347b-b2c2-45ea-bb8e-910e0cbfb49a}</UniqueIdentifier>
    </Filter>
    <Filter Include="Actor">
      <UniqueIdentifier>{d7c6e750-9f6f-4dbc-a83f-e3410e760e43}</UniqueIdentifier>
    </Filter>
    <Filter Include="Global">
      <UniqueIdentifier>{e5c415a5-2ece-4e9e-800b-45f6679b038f}</UniqueIdentifier>
    </Filter>
    <Filter Include="Global\Manager">
      <UniqueIdentifier>{b797c775-a275-42f2-bbf0-fbe029e78aa7}</UniqueIdentifier>
    </Filter>
    <Filter Include="Actor\Player">
      <UniqueIdentifier>{ee4a0701-2c18-4dfe-aa30-b594dbf6d7eb}</UniqueIdentifier>
    </Filter>
  </ItemGroup>
</Project>