<?xml version="1.0" encoding="utf-8"?>
<Project ToolsVersion="4.0" xmlns="http://schemas.microsoft.com/developer/msbuild/2003">
  <ItemGroup>
    <ClInclude Include="RockMan.h" />
    <ClInclude Include="TitleLevel.h">
      <Filter>Level</Filter>
    </ClInclude>
    <ClInclude Include="Stage1.h">
      <Filter>Level</Filter>
    </ClInclude>
    <ClInclude Include="BackGround.h">
      <Filter>Actor</Filter>
    </ClInclude>
    <ClInclude Include="GameManager.h">
      <Filter>Global\Manager</Filter>
    </ClInclude>
    <ClInclude Include="RockManEnum.h">
      <Filter>Global</Filter>
    </ClInclude>
    <ClInclude Include="Player.h">
      <Filter>Actor\Player</Filter>
    </ClInclude>
    <ClInclude Include="SelectLevel.h">
      <Filter>Level</Filter>
    </ClInclude>
    <ClInclude Include="SelectBackground.h">
      <Filter>Actor\UI\Title&amp;Select</Filter>
    </ClInclude>
    <ClInclude Include="SelectBossActor.h">
      <Filter>Actor\UI\Title&amp;Select</Filter>
    </ClInclude>
    <ClInclude Include="SelectLogo.h">
      <Filter>Actor\UI\Title&amp;Select</Filter>
    </ClInclude>
    <ClInclude Include="TitleLogo.h">
      <Filter>Actor\UI\Title&amp;Select</Filter>
    </ClInclude>
    <ClInclude Include="HPBar.h">
      <Filter>Actor\UI</Filter>
    </ClInclude>
    <ClInclude Include="Scoreboard.h">
      <Filter>Actor\UI</Filter>
    </ClInclude>
    <ClInclude Include="RockmanUtility.h">
      <Filter>Global</Filter>
    </ClInclude>
    <ClInclude Include="Bullet.h">
      <Filter>Actor\Player</Filter>
    </ClInclude>
    <ClInclude Include="RockmanStage.h">
      <Filter>Level</Filter>
    </ClInclude>
    <ClInclude Include="BunbyHeli.h">
      <Filter>Actor\Monster</Filter>
    </ClInclude>
    <ClInclude Include="RockmanMonster.h">
      <Filter>Actor\Monster</Filter>
    </ClInclude>
    <ClInclude Include="PlayerDieEffect.h">
      <Filter>Actor\Player</Filter>
    </ClInclude>
    <ClInclude Include="ReadyUI.h">
      <Filter>Actor\UI</Filter>
    </ClInclude>
  </ItemGroup>
  <ItemGroup>
    <ClCompile Include="RockMan.cpp" />
    <ClCompile Include="TitleLevel.cpp">
      <Filter>Level</Filter>
    </ClCompile>
    <ClCompile Include="Stage1.cpp">
      <Filter>Level</Filter>
    </ClCompile>
    <ClCompile Include="BackGround.cpp">
      <Filter>Actor</Filter>
    </ClCompile>
    <ClCompile Include="GameManager.cpp">
      <Filter>Global\Manager</Filter>
    </ClCompile>
    <ClCompile Include="Player.cpp">
      <Filter>Actor\Player</Filter>
    </ClCompile>
    <ClCompile Include="PlayerAnimation.cpp">
      <Filter>Actor\Player</Filter>
    </ClCompile>
    <ClCompile Include="PlayerState.cpp">
      <Filter>Actor\Player</Filter>
    </ClCompile>
    <ClCompile Include="SelectLevel.cpp">
      <Filter>Level</Filter>
    </ClCompile>
    <ClCompile Include="SelectBackground.cpp">
      <Filter>Actor\UI\Title&amp;Select</Filter>
    </ClCompile>
    <ClCompile Include="SelectBossActor.cpp">
      <Filter>Actor\UI\Title&amp;Select</Filter>
    </ClCompile>
    <ClCompile Include="SelectLogo.cpp">
      <Filter>Actor\UI\Title&amp;Select</Filter>
    </ClCompile>
    <ClCompile Include="TitleLogo.cpp">
      <Filter>Actor\UI\Title&amp;Select</Filter>
    </ClCompile>
    <ClCompile Include="HPBar.cpp">
      <Filter>Actor\UI</Filter>
    </ClCompile>
    <ClCompile Include="RockmanInit.cpp" />
    <ClCompile Include="Scoreboard.cpp">
      <Filter>Actor\UI</Filter>
    </ClCompile>
    <ClCompile Include="RockmanUtility.cpp">
      <Filter>Global</Filter>
    </ClCompile>
    <ClCompile Include="Bullet.cpp">
      <Filter>Actor\Player</Filter>
    </ClCompile>
    <ClCompile Include="RockmanStage.cpp">
      <Filter>Level</Filter>
    </ClCompile>
    <ClCompile Include="BunbyHeli.cpp">
      <Filter>Actor\Monster</Filter>
    </ClCompile>
    <ClCompile Include="RockmanMonster.cpp">
      <Filter>Actor\Monster</Filter>
    </ClCompile>
    <ClCompile Include="PlayerDieEffect.cpp">
      <Filter>Actor\Player</Filter>
    </ClCompile>
    <ClCompile Include="ReadyUI.cpp">
      <Filter>Actor\UI</Filter>
    </ClCompile>
  </ItemGroup>
  <ItemGroup>
    <Filter Include="Level">
      <UniqueIdentifier>{593e347b-b2c2-45ea-bb8e-910e0cbfb49a}</UniqueIdentifier>
    </Filter>
    <Filter Include="Actor">
      <UniqueIdentifier>{d7c6e750-9f6f-4dbc-a83f-e3410e760e43}</UniqueIdentifier>
    </Filter>
    <Filter Include="Global">
      <UniqueIdentifier>{e5c415a5-2ece-4e9e-800b-45f6679b038f}</UniqueIdentifier>
    </Filter>
    <Filter Include="Global\Manager">
      <UniqueIdentifier>{b797c775-a275-42f2-bbf0-fbe029e78aa7}</UniqueIdentifier>
    </Filter>
    <Filter Include="Actor\Player">
      <UniqueIdentifier>{ee4a0701-2c18-4dfe-aa30-b594dbf6d7eb}</UniqueIdentifier>
    </Filter>
    <Filter Include="Actor\UI">
      <UniqueIdentifier>{bd7d7510-2fd4-4ee8-ba1c-7c2b9ee410af}</UniqueIdentifier>
    </Filter>
    <Filter Include="Actor\UI\Title&amp;Select">
      <UniqueIdentifier>{1bab4ede-ef11-4fe9-b116-139fdcfeb48b}</UniqueIdentifier>
    </Filter>
    <Filter Include="Actor\Monster">
      <UniqueIdentifier>{87dfbb49-cdc0-40d4-9e1b-eb9b2418edfa}</UniqueIdentifier>
    </Filter>
  </ItemGroup>
</Project>